
Microsoft Visual Studio Solution File, Format Version 12.00
# Visual Studio Version 17
VisualStudioVersion = 17.6.33617.297
MinimumVisualStudioVersion = 10.0.40219.1
Project("{FAE04EC0-301F-11D3-BF4B-00C04F79EFBC}") = "ExemploMethodGroupConversion", "ExemploMethodGroupConversion.csproj", "{DA896531-AEF9-498F-94F5-206DDF9117FB}"
EndProject
Global
	GlobalSection(SolutionConfigurationPlatforms) = preSolution
		Debug|Any CPU = Debug|Any CPU
		Release|Any CPU = Release|Any CPU
	EndGlobalSection
	GlobalSection(ProjectConfigurationPlatforms) = postSolution
		{DA896531-AEF9-498F-94F5-206DDF9117FB}.Debug|Any CPU.ActiveCfg = Debug|Any CPU
		{DA896531-AEF9-498F-94F5-206DDF9117FB}.Debug|Any CPU.Build.0 = Debug|Any CPU
		{DA896531-AEF9-498F-94F5-206DDF9117FB}.Release|Any CPU.ActiveCfg = Release|Any CPU
		{DA896531-AEF9-498F-94F5-206DDF9117FB}.Release|Any CPU.Build.0 = Release|Any CPU
	EndGlobalSection
	GlobalSection(SolutionProperties) = preSolution
		HideSolutionNode = FALSE
	EndGlobalSection
	GlobalSection(ExtensibilityGlobals) = postSolution
		SolutionGuid = {0BE95FBB-C7A8-4D8B-B843-3667961E44B5}
	EndGlobalSection
EndGlobal
